
Microsoft Visual Studio Solution File, Format Version 12.00
# Visual Studio Version 17
VisualStudioVersion = 17.5.33516.290
MinimumVisualStudioVersion = 10.0.40219.1
Project("{FAE04EC0-301F-11D3-BF4B-00C04F79EFBC}") = "ProvaPub", "src\ProvaPub.csproj", "{6B3B7462-130D-403F-9510-8DD97F78B06D}"
EndProject
Project("{FAE04EC0-301F-11D3-BF4B-00C04F79EFBC}") = "ProvaPub.Tests", "tests\ProvaPub.Tests\ProvaPub.Tests.csproj", "{5ECCF35F-5CFC-46AA-89E7-96DFA31597EC}"
EndProject
Global
	GlobalSection(SolutionConfigurationPlatforms) = preSolution
		Debug|Any CPU = Debug|Any CPU
		Release|Any CPU = Release|Any CPU
	EndGlobalSection
	GlobalSection(ProjectConfigurationPlatforms) = postSolution
		{6B3B7462-130D-403F-9510-8DD97F78B06D}.Debug|Any CPU.ActiveCfg = Debug|Any CPU
		{6B3B7462-130D-403F-9510-8DD97F78B06D}.Debug|Any CPU.Build.0 = Debug|Any CPU
		{6B3B7462-130D-403F-9510-8DD97F78B06D}.Release|Any CPU.ActiveCfg = Release|Any CPU
		{6B3B7462-130D-403F-9510-8DD97F78B06D}.Release|Any CPU.Build.0 = Release|Any CPU
		{5ECCF35F-5CFC-46AA-89E7-96DFA31597EC}.Debug|Any CPU.ActiveCfg = Debug|Any CPU
		{5ECCF35F-5CFC-46AA-89E7-96DFA31597EC}.Debug|Any CPU.Build.0 = Debug|Any CPU
		{5ECCF35F-5CFC-46AA-89E7-96DFA31597EC}.Release|Any CPU.ActiveCfg = Release|Any CPU
		{5ECCF35F-5CFC-46AA-89E7-96DFA31597EC}.Release|Any CPU.Build.0 = Release|Any CPU
	EndGlobalSection
	GlobalSection(SolutionProperties) = preSolution
		HideSolutionNode = FALSE
	EndGlobalSection
	GlobalSection(ExtensibilityGlobals) = postSolution
		SolutionGuid = {508154CE-59FC-48C4-A288-C3D88E9607FE}
	EndGlobalSection
EndGlobal
